{
  "object": {
    "pins": [
      {
        "package": "glm",
        "repositoryURL": "/home/elect/SwiftProjects/glm",
        "state": {
          "branch": null,
          "revision": "81c77e1c955ddc6e1623f0838614003254c51905",
          "version": null
        }
      }
    ]
  },
  "version": 1
}
